
Microsoft Visual Studio Solution File, Format Version 12.00
# Visual Studio Version 17
VisualStudioVersion = 17.4.33205.214
MinimumVisualStudioVersion = 10.0.40219.1
Project("{FAE04EC0-301F-11D3-BF4B-00C04F79EFBC}") = "BlazorApp-WebAssembly-Hit2Coupon", "BlazorApp-WebAssembly-Hit2Coupon\BlazorApp-WebAssembly-Hit2Coupon.csproj", "{3D9FC189-605B-47A8-9A5C-451DE5C54B32}"
EndProject
Global
	GlobalSection(SolutionConfigurationPlatforms) = preSolution
		Debug|Any CPU = Debug|Any CPU
		Release|Any CPU = Release|Any CPU
	EndGlobalSection
	GlobalSection(ProjectConfigurationPlatforms) = postSolution
		{3D9FC189-605B-47A8-9A5C-451DE5C54B32}.Debug|Any CPU.ActiveCfg = Debug|Any CPU
		{3D9FC189-605B-47A8-9A5C-451DE5C54B32}.Debug|Any CPU.Build.0 = Debug|Any CPU
		{3D9FC189-605B-47A8-9A5C-451DE5C54B32}.Release|Any CPU.ActiveCfg = Release|Any CPU
		{3D9FC189-605B-47A8-9A5C-451DE5C54B32}.Release|Any CPU.Build.0 = Release|Any CPU
	EndGlobalSection
	GlobalSection(SolutionProperties) = preSolution
		HideSolutionNode = FALSE
	EndGlobalSection
	GlobalSection(ExtensibilityGlobals) = postSolution
		SolutionGuid = {E4383A08-1C84-48C3-B7C2-4B848DE17C33}
	EndGlobalSection
EndGlobal
